version = 1
revision = 3
requires-python = "==3.12.*"

[[package]]
name = "attrs"
version = "26.1.0"
source = { registry = "https://pypi.org/simple" }
sdist = { url = "https://files.pythonhosted.org/packages/9a/8e/82a0fe20a541c03148528be8cac2408564a6c9a0cc7e9171802bc1d26985/attrs-26.1.0.tar.gz", hash = "sha256:d03ceb89cb322a8fd706d4fb91940737b6642aa36998fe130a9bc96c985eff32", size = 952055, upload-time = "2026-03-19T14:22:25.026Z" }
wheels = [
    { url = "https://files.pythonhosted.org/packages/64/b4/17d4b0b2a2dc85a6df63d1157e028ed19f90d4cd97c36717afef2bc2f395/attrs-26.1.0-py3-none-any.whl", hash = "sha256:c647aa4a12dfbad9333ca4e71fe62ddc36f4e63b2d260a37a8b83d2f043ac309", size = 67548, upload-time = "2026-03-19T14:22:23.645Z" },
]

[[package]]
name = "babel"
version = "2.18.0"
source = { registry = "https://pypi.org/simple" }
sdist = { url = "https://files.pythonhosted.org/packages/7d/b2/51899539b6ceeeb420d40ed3cd4b7a40519404f9baf3d4ac99dc413a834b/babel-2.18.0.tar.gz", hash = "sha256:b80b99a14bd085fcacfa15c9165f651fbb3406e66cc603abf11c5750937c992d", size = 9959554, upload-time = "2026-02-01T12:30:56.078Z" }
wheels = [
    { url = "https://files.pythonhosted.org/packages/77/f5/21d2de20e8b8b0408f0681956ca2c69f1320a3848ac50e6e7f39c6159675/babel-2.18.0-py3-none-any.whl", hash = "sha256:e2b422b277c2b9a9630c1d7903c2a00d0830c409c59ac8cae9081c92f1aeba35", size = 10196845, upload-time = "2026-02-01T12:30:53.445Z" },
]

[[package]]
name = "cffi"
version = "2.1.0"
source = { registry = "https://pypi.org/simple" }
dependencies = [
    { name = "pycparser", marker = "implementation_name != 'PyPy'" },
]
sdist = { url = "https://files.pythonhosted.org/packages/57/5f/ff100cae70ebe9d8df1c01a00e510e45d9adb5c1fdda84791b199141de97/cffi-2.1.0.tar.gz", hash = "sha256:efc1cdd798b1aaf39b4610bba7aad28c9bea9b910f25c784ccf9ec1fa719d1f9", size = 531036, upload-time = "2026-07-06T21:34:30.382Z" }
wheels = [
    { url = "https://files.pythonhosted.org/packages/1e/85/990925db5df586ec90beb97529c853497e7f85ba0234830447faf41c3057/cffi-2.1.0-cp312-cp312-macosx_10_15_x86_64.whl", hash = "sha256:df2b82571a1b30f58a87bf4e5a9e78d2b1eff6c6ce8fd3aa3757221f93f0863f", size = 184829, upload-time = "2026-07-06T21:32:44.324Z" },
    { url = "https://files.pythonhosted.org/packages/4b/92/e7bb136ad6b5352603732cf907ef862ca103f20f2031c1735a46300c20c9/cffi-2.1.0-cp312-cp312-macosx_11_0_arm64.whl", hash = "sha256:78474632761faa0fb96f30b1c928c84ebcf68713cbb80d15bab09dfe61640fde", size = 184728, upload-time = "2026-07-06T21:32:45.683Z" },
    { url = "https://files.pythonhosted.org/packages/c3/c0/d1ec30ffb370f748f2fb54425972bfef9871e0132e82fb589c46b6676049/cffi-2.1.0-cp312-cp312-manylinux1_i686.manylinux2014_i686.manylinux_2_17_i686.manylinux_2_5_i686.whl", hash = "sha256:5972433ad71a9e46516584ef60a0fda12d9dc459938d1539c3ddecf9bdc1368d", size = 214815, upload-time = "2026-07-06T21:32:48.557Z" },
    { url = "https://files.pythonhosted.org/packages/1b/dc/5620cf930688be01f2d673804291de757a934c90b946dbdc3d84130c2ea4/cffi-2.1.0-cp312-cp312-manylinux2014_aarch64.manylinux_2_17_aarch64.whl", hash = "sha256:b6422532152adf4e59b110cb2808cee7a033800952f5c036b4af047ee43199e7", size = 222429, upload-time = "2026-07-06T21:32:49.848Z" },
    { url = "https://files.pythonhosted.org/packages/4b/a4/77b53abbf7a1e0beb9637edbef2a94d15f9c822f591e85d439ffd91519a6/cffi-2.1.0-cp312-cp312-manylinux2014_ppc64le.manylinux_2_17_ppc64le.whl", hash = "sha256:46b1c8db8f6122420f32d02fffb924c2fe9bc772d228c7c711748fff56aabb2b", size = 210315, upload-time = "2026-07-06T21:32:51.221Z" },
    { url = "https://files.pythonhosted.org/packages/58/0c/f528df19cc94b675087324d4760d9e6d5bfae97d6217aa4fac43de4f5fcc/cffi-2.1.0-cp312-cp312-manylinux2014_s390x.manylinux_2_17_s390x.whl", hash = "sha256:d9fafc5aa2e2a39aaf7f8cc0c1f044a9b07fca12e558dca53a3cc5c654ad67a7", size = 208859, upload-time = "2026-07-06T21:32:52.512Z" },
    { url = "https://files.pythonhosted.org/packages/62/f2/c9522a81c32132799a1972c39f5c5f8b4c8b9f00488a23feaa6c06f07741/cffi-2.1.0-cp312-cp312-manylinux2014_x86_64.manylinux_2_17_x86_64.whl", hash = "sha256:1e9f50d192a3e525b15a75ab5114e442d83d657b7ec29182a991bc9a88fd3a66", size = 221844, upload-time = "2026-07-06T21:32:53.704Z" },
    { url = "https://files.pythonhosted.org/packages/6e/28/bd53988b9833e8f8ad539d26f4c07a6b3f6bcb1e9e02e7ca038250b3428d/cffi-2.1.0-cp312-cp312-musllinux_1_2_aarch64.whl", hash = "sha256:98fff996e983a36d3aa2eca83af40c5821202e7e6f32d13ae94e3d2286f10cfe", size = 225287, upload-time = "2026-07-06T21:32:54.907Z" },
    { url = "https://files.pythonhosted.org/packages/79/99/0d0fd37f055224085f42bbb2c022d002e17dde4a97972822327b07d84101/cffi-2.1.0-cp312-cp312-musllinux_1_2_x86_64.whl", hash = "sha256:379de10ce1ba048b1448599d1b37b24caee16309d1ac98d3982fc997f768700b", size = 223681, upload-time = "2026-07-06T21:32:56.329Z" },
    { url = "https://files.pythonhosted.org/packages/b0/80/c138990aa2a70b1a269f6e06348729836d733d6f970867943f61d367f8cc/cffi-2.1.0-cp312-cp312-win32.whl", hash = "sha256:9b8f0f26ca4e7513c534d351eca551947d053fac438f2a04ac96d882909b0d3a", size = 175269, upload-time = "2026-07-06T21:32:57.777Z" },
    { url = "https://files.pythonhosted.org/packages/a8/eb/f636456ff21a83fc13c032b58cc5dde061691546ac79efa284b2989b7982/cffi-2.1.0-cp312-cp312-win_amd64.whl", hash = "sha256:c97f080ea627e2863524c5af3836e2270b5f5dfff1f104392b959f8df0c5d384", size = 185881, upload-time = "2026-07-06T21:32:59.253Z" },
    { url = "https://files.pythonhosted.org/packages/dd/2c/400ea43e721727dca8a65c4521390e9196757caba4a45643acb2b63271b8/cffi-2.1.0-cp312-cp312-win_arm64.whl", hash = "sha256:6d194185eabd279f1c05ebe3504265ddfc5ad2b58d0714f7db9f01da592e9eb6", size = 180088, upload-time = "2026-07-06T21:33:02.278Z" },
]

[[package]]
name = "csvw"
version = "4.1.0"
source = { registry = "https://pypi.org/simple" }
dependencies = [
    { name = "babel" },
    { name = "isodate" },
    { name = "jsonschema" },
    { name = "language-tags" },
    { name = "python-dateutil" },
    { name = "rdflib" },
    { name = "rfc3986" },
    { name = "termcolor" },
    { name = "uritemplate" },
]
sdist = { url = "https://files.pythonhosted.org/packages/c5/f1/95a10e22505e84bf346dd8df41d9c6135aea564d83d8e39b79b0851ba4db/csvw-4.1.0.tar.gz", hash = "sha256:bfe2b64442552b392577a8d30edf886510c8d05e665606fa5caa1508365fd700", size = 83167, upload-time = "2026-07-06T08:37:26.378Z" }
wheels = [
    { url = "https://files.pythonhosted.org/packages/fe/7f/9586327961379fd23362eafddac9fc9ba1d6783686d20154d55e93dd8a61/csvw-4.1.0-py2.py3-none-any.whl", hash = "sha256:d432d4cccd8dcdf31ccb2272d6d7ad40a9ebde7de3c7d6ced9033afb23bb76dd", size = 69495, upload-time = "2026-07-06T08:37:24.411Z" },
]

[[package]]
name = "dlinfo"
version = "2.0.0"
source = { registry = "https://pypi.org/simple" }
sdist = { url = "https://files.pythonhosted.org/packages/85/8e/8f2f94cd40af1b51e8e371a83b385d622170d42f98776441a6118f4dd682/dlinfo-2.0.0.tar.gz", hash = "sha256:88a2bc04f51d01bc604cdc9eb1c3cc0bde89057532ca6a3e71a41f6235433e17", size = 12727, upload-time = "2025-01-16T15:43:10.756Z" }
wheels = [
    { url = "https://files.pythonhosted.org/packages/da/90/022c79d6e5e6f843268c10b84d4a021ee3afba0621d3c176d3ff2024bfc8/dlinfo-2.0.0-py3-none-any.whl", hash = "sha256:b32cc18e3ea67c0ca9ca409e5b41eed863bd1363dbc9dd3de90fedf11b61e7bc", size = 3654, upload-time = "2025-01-16T15:43:09.474Z" },
]

[[package]]
name = "espeakng-loader"
version = "0.2.4"
source = { registry = "https://pypi.org/simple" }
wheels = [
    { url = "https://files.pythonhosted.org/packages/f8/92/f44ed7f531143c3c6c97d56e2b0f9be8728dc05e18b96d46eb539230ed46/espeakng_loader-0.2.4-py3-none-macosx_10_12_x86_64.whl", hash = "sha256:b77477ae2ddf62a748e04e49714eabb2f3a24f344166200b00539083bd669904", size = 9938387, upload-time = "2025-01-17T01:22:42.064Z" },
    { url = "https://files.pythonhosted.org/packages/a8/26/258c0cd43b9bc1043301c5f61767d6a6c3b679df82790c9cb43a3277b865/espeakng_loader-0.2.4-py3-none-macosx_11_0_arm64.whl", hash = "sha256:d27cdca31112226e7299d8562e889d3e38a1e48055c9ee381b45d669072ee59f", size = 9892565, upload-time = "2025-01-17T01:22:40.365Z" },
    { url = "https://files.pythonhosted.org/packages/de/1e/25ec5ab07528c0fbb215a61800a38eca05c8a99445515a02d7fa5debcb32/espeakng_loader-0.2.4-py3-none-manylinux_2_17_x86_64.manylinux2014_x86_64.whl", hash = "sha256:08721baf27d13d461f6be6eed9a65277e70d68234ff484fd8b9897b222cdcb6d", size = 10078484, upload-time = "2025-01-17T01:22:43.373Z" },
    { url = "https://files.pythonhosted.org/packages/d9/ad/1b768d8daffc2996e07bbcb6f534d8de3202cd75fce1f1c45eced1ce6465/espeakng_loader-0.2.4-py3-none-manylinux_2_28_aarch64.whl", hash = "sha256:d1e798141b46a050cdb75fcf3c17db969bb2c40394f3f4a48910655d547508b9", size = 10037736, upload-time = "2025-01-17T01:22:42.576Z" },
    { url = "https://files.pythonhosted.org/packages/9d/ed/a3d872fbad4f3a3f3db0e8c31768ab14e77cd77306de16b8b20b1e1df7ea/espeakng_loader-0.2.4-py3-none-win_amd64.whl", hash = "sha256:41f1e08ac9deda2efd1ea9de0b81dab9f5ae3c4b24284f76533d0a7b1dd7abd7", size = 9437292, upload-time = "2025-01-17T01:23:27.463Z" },
    { url = "https://files.pythonhosted.org/packages/29/64/0b75bc50ec53b4e000bac913625511215aa96124adf5dba8c4baa17c02cd/espeakng_loader-0.2.4-py3-none-win_arm64.whl", hash = "sha256:d7a2928843eaeb2df82f99a370f44e8a630f59b02f9b0d1f168a03c4eeb76b89", size = 9426841, upload-time = "2025-01-17T01:23:21.766Z" },
]

[[package]]
name = "flatbuffers"
version = "25.12.19"
source = { registry = "https://pypi.org/simple" }
wheels = [
    { url = "https://files.pythonhosted.org/packages/e8/2d/d2a548598be01649e2d46231d151a6c56d10b964d94043a335ae56ea2d92/flatbuffers-25.12.19-py2.py3-none-any.whl", hash = "sha256:7634f50c427838bb021c2d66a3d1168e9d199b0607e6329399f04846d42e20b4", size = 26661, upload-time = "2025-12-19T23:16:13.622Z" },
]

[[package]]
name = "hyperframes-video-studio-kokoro"
version = "0.1.0"
source = { virtual = "." }
dependencies = [
    { name = "kokoro-onnx" },
    { name = "soundfile" },
]

[package.metadata]
requires-dist = [
    { name = "kokoro-onnx" },
    { name = "soundfile" },
]

[[package]]
name = "isodate"
version = "0.7.2"
source = { registry = "https://pypi.org/simple" }
sdist = { url = "https://files.pythonhosted.org/packages/54/4d/e940025e2ce31a8ce1202635910747e5a87cc3a6a6bb2d00973375014749/isodate-0.7.2.tar.gz", hash = "sha256:4cd1aa0f43ca76f4a6c6c0292a85f40b35ec2e43e315b59f06e6d32171a953e6", size = 29705, upload-time = "2024-10-08T23:04:11.5Z" }
wheels = [
    { url = "https://files.pythonhosted.org/packages/15/aa/0aca39a37d3c7eb941ba736ede56d689e7be91cab5d9ca846bde3999eba6/isodate-0.7.2-py3-none-any.whl", hash = "sha256:28009937d8031054830160fce6d409ed342816b543597cece116d966c6d99e15", size = 22320, upload-time = "2024-10-08T23:04:09.501Z" },
]

[[package]]
name = "joblib"
version = "1.5.3"
source = { registry = "https://pypi.org/simple" }
sdist = { url = "https://files.pythonhosted.org/packages/41/f2/d34e8b3a08a9cc79a50b2208a93dce981fe615b64d5a4d4abee421d898df/joblib-1.5.3.tar.gz", hash = "sha256:8561a3269e6801106863fd0d6d84bb737be9e7631e33aaed3fb9ce5953688da3", size = 331603, upload-time = "2025-12-15T08:41:46.427Z" }
wheels = [
    { url = "https://files.pythonhosted.org/packages/7b/91/984aca2ec129e2757d1e4e3c81c3fcda9d0f85b74670a094cc443d9ee949/joblib-1.5.3-py3-none-any.whl", hash = "sha256:5fc3c5039fc5ca8c0276333a188bbd59d6b7ab37fe6632daa76bc7f9ec18e713", size = 309071, upload-time = "2025-12-15T08:41:44.973Z" },
]

[[package]]
name = "jsonschema"
version = "4.26.0"
source = { registry = "https://pypi.org/simple" }
dependencies = [
    { name = "attrs" },
    { name = "jsonschema-specifications" },
    { name = "referencing" },
    { name = "rpds-py" },
]
sdist = { url = "https://files.pythonhosted.org/packages/b3/fc/e067678238fa451312d4c62bf6e6cf5ec56375422aee02f9cb5f909b3047/jsonschema-4.26.0.tar.gz", hash = "sha256:0c26707e2efad8aa1bfc5b7ce170f3fccc2e4918ff85989ba9ffa9facb2be326", size = 366583, upload-time = "2026-01-07T13:41:07.246Z" }
wheels = [
    { url = "https://files.pythonhosted.org/packages/69/90/f63fb5873511e014207a475e2bb4e8b2e570d655b00ac19a9a0ca0a385ee/jsonschema-4.26.0-py3-none-any.whl", hash = "sha256:d489f15263b8d200f8387e64b4c3a75f06629559fb73deb8fdfb525f2dab50ce", size = 90630, upload-time = "2026-01-07T13:41:05.306Z" },
]

[[package]]
name = "jsonschema-specifications"
version = "2025.9.1"
source = { registry = "https://pypi.org/simple" }
dependencies = [
    { name = "referencing" },
]
sdist = { url = "https://files.pythonhosted.org/packages/19/74/a633ee74eb36c44aa6d1095e7cc5569bebf04342ee146178e2d36600708b/jsonschema_specifications-2025.9.1.tar.gz", hash = "sha256:b540987f239e745613c7a9176f3edb72b832a4ac465cf02712288397832b5e8d", size = 32855, upload-time = "2025-09-08T01:34:59.186Z" }
wheels = [
    { url = "https://files.pythonhosted.org/packages/41/45/1a4ed80516f02155c51f51e8cedb3c1902296743db0bbc66608a0db2814f/jsonschema_specifications-2025.9.1-py3-none-any.whl", hash = "sha256:98802fee3a11ee76ecaca44429fda8a41bff98b00a0f2838151b113f210cc6fe", size = 18437, upload-time = "2025-09-08T01:34:57.871Z" },
]

[[package]]
name = "kokoro-onnx"
version = "0.5.0"
source = { registry = "https://pypi.org/simple" }
dependencies = [
    { name = "espeakng-loader" },
    { name = "numpy" },
    { name = "onnxruntime" },
    { name = "phonemizer-fork" },
]
sdist = { url = "https://files.pythonhosted.org/packages/6b/18/277bd18aeeceaf5c46a51bb50c1cbdccdad8cab7fd1d58f0173bbeeec708/kokoro_onnx-0.5.0.tar.gz", hash = "sha256:5beb15f085e2828ed8d493f792c079af857103ab2dceaa1e112b1760587ac96a", size = 84570, upload-time = "2026-01-30T03:05:45.6Z" }
wheels = [
    { url = "https://files.pythonhosted.org/packages/0d/55/0bfcb4aa50033c89e5ac132af3d07fac0543824ce6eaefd4d1bfdcc3795b/kokoro_onnx-0.5.0-py3-none-any.whl", hash = "sha256:4e1c38a296db5dbc1f722f69f5e3c13f2e2877b3e5b145287f56ec057013e357", size = 17448, upload-time = "2026-01-30T03:05:46.931Z" },
]

[[package]]
name = "language-tags"
version = "1.3.1"
source = { registry = "https://pypi.org/simple" }
sdist = { url = "https://files.pythonhosted.org/packages/39/d1/b37165bed9016c19e2cdecf4176fbd902a014fb8a87dd44415438e190969/language_tags-1.3.1.tar.gz", hash = "sha256:b15f05505dad3ad296a1782d5a6083fd141309186094d1ab08095348f4203f37", size = 222642, upload-time = "2026-05-08T11:46:24.418Z" }
wheels = [
    { url = "https://files.pythonhosted.org/packages/0a/21/b48b9e8408b3faec9fb7cb2f68352c7724add35a980c948eaceb29ac41e4/language_tags-1.3.1-py3-none-any.whl", hash = "sha256:f7db7ef8879523019603e09644a86d95ba60595ce5e5ea82d46e8971b0f68f7b", size = 216654, upload-time = "2026-05-08T11:46:17.836Z" },
]

[[package]]
name = "numpy"
version = "2.5.1"
source = { registry = "https://pypi.org/simple" }
sdist = { url = "https://files.pythonhosted.org/packages/22/fd/89965aa4ac08c74998539fcbf24fa3540f3e15237fbeb6bcf9c908f4aade/numpy-2.5.1.tar.gz", hash = "sha256:a48a113e6afea91f5608793bafa7ef2ad481fefbda87ec5069f483de61cb9fa3", size = 20755553, upload-time = "2026-07-04T17:08:00.933Z" }
wheels = [
    { url = "https://files.pythonhosted.org/packages/62/7b/14687aa674250e5e546f616f486b0d56d3631cd5b2415739141ce40bdcea/numpy-2.5.1-cp312-cp312-macosx_10_13_x86_64.whl", hash = "sha256:2c889b56fe48b1018f764b0eec8df59ab654e9148aa91faa12596043500de277", size = 16801574, upload-time = "2026-07-04T17:06:12.423Z" },
    { url = "https://files.pythonhosted.org/packages/e1/19/cc5bb2a3f2913d27d6dbb2c78d25921fabaedc6741d4a5a615a11f3c5bf3/numpy-2.5.1-cp312-cp312-macosx_11_0_arm64.whl", hash = "sha256:ab451b59c5643c570974c43aef780703ef1d3b4965d2be07afd530615a9358d1", size = 11772250, upload-time = "2026-07-04T17:06:15.726Z" },
    { url = "https://files.pythonhosted.org/packages/42/77/fdf34a71dd30f54979b18603bee915e0aaf825b07afe79acd60b04b691e2/numpy-2.5.1-cp312-cp312-macosx_14_0_arm64.whl", hash = "sha256:78798bd5b9ad744056af8efa90e3b9ddaa53272a0848a483084a1cc0a13b2dc0", size = 5331516, upload-time = "2026-07-04T17:06:17.913Z" },
    { url = "https://files.pythonhosted.org/packages/ce/e2/eb7efa015b4cce41e2517bf182a7fce0d7d5b9d9ed76a29bfa0f4fe4505c/numpy-2.5.1-cp312-cp312-macosx_14_0_x86_64.whl", hash = "sha256:2ae0ca40bcb22d6ba59c1dfd5446f49940b0f2d821fde133f10dda11f816b84e", size = 6664863, upload-time = "2026-07-04T17:06:20.02Z" },
    { url = "https://files.pythonhosted.org/packages/a9/4b/a2b32dd94ee9ffbeecb28152240042a3949db33b1c834d44090b80e1b3b8/numpy-2.5.1-cp312-cp312-manylinux_2_27_aarch64.manylinux_2_28_aarch64.whl", hash = "sha256:61ac47e772e6b8ea489e1d2f441a34c5c3ac17327e7ce294cbdf535795ad4e75", size = 15167977, upload-time = "2026-07-04T17:06:21.621Z" },
    { url = "https://files.pythonhosted.org/packages/b8/a9/6e73d68500f80773f65f0654ea932019d6694329a0eb0ed0533de38df376/numpy-2.5.1-cp312-cp312-manylinux_2_27_x86_64.manylinux_2_28_x86_64.whl", hash = "sha256:59fda5e192b570217ec2580c96f00e9a7e12ef6866a900eb089b62c1a32545ca", size = 16672469, upload-time = "2026-07-04T17:06:24.064Z" },
    { url = "https://files.pythonhosted.org/packages/24/7d/ad3e59015135f5261c95fd4cafeff159c955febd83a99a1d9250c4233815/numpy-2.5.1-cp312-cp312-musllinux_1_2_aarch64.whl", hash = "sha256:f7119ebff1a9829e9f431a4f9d28e703023bb6b9fe7c8f724467dbfc27c94ab3", size = 16527531, upload-time = "2026-07-04T17:06:26.69Z" },
    { url = "https://files.pythonhosted.org/packages/83/d0/a39b2fbcde9cb17a1dac678f254b33a6336298af9df338824c685425d5e8/numpy-2.5.1-cp312-cp312-musllinux_1_2_x86_64.whl", hash = "sha256:e824c2acf8862052246be5a44c15da1777940c60d010dd2aab897824d9c430f9", size = 18431940, upload-time = "2026-07-04T17:06:29.521Z" },
    { url = "https://files.pythonhosted.org/packages/04/12/cff070947791c1ed425ff76413189adbdc2fbe215eba7ce7fa454a03c7f8/numpy-2.5.1-cp312-cp312-win32.whl", hash = "sha256:08d60c810432eb83360958dea0999ac4cfb94531ea8efcbf0b7f277c2068aeb2", size = 6066764, upload-time = "2026-07-04T17:06:32.571Z" },
    { url = "https://files.pythonhosted.org/packages/65/66/53f31807a48a750f9d748da273bc3fcedd12b27ff1f3e373bfec55ef2dc0/numpy-2.5.1-cp312-cp312-win_amd64.whl", hash = "sha256:f7d60026c0bdb1380e83bfa7a0419c4577ee4b9a08880afcb6dadeb74c649fa2", size = 12430966, upload-time = "2026-07-04T17:06:34.926Z" },
    { url = "https://files.pythonhosted.org/packages/2b/2a/d1a88066b1c14186f5d3c0d18c94f17b064511982bab0578d49ee9d43c29/numpy-2.5.1-cp312-cp312-win_arm64.whl", hash = "sha256:17a25e09640602e10bc8de0e6fa2b3fd68eedd84ba6d7842dc8f32f9ab87bd0b", size = 10350488, upload-time = "2026-07-04T17:06:37.785Z" },
]

[[package]]
name = "onnxruntime"
version = "1.27.0"
source = { registry = "https://pypi.org/simple" }
dependencies = [
    { name = "flatbuffers" },
    { name = "numpy" },
    { name = "packaging" },
    { name = "protobuf" },
]
wheels = [
    { url = "https://files.pythonhosted.org/packages/c3/b7/dd3a524ed93a820dff1af902d0412957ab12499953333e9daa01af5bc480/onnxruntime-1.27.0-cp312-cp312-macosx_14_0_arm64.whl", hash = "sha256:a14c2ce45312def86b77aea651f46565e45960cf5f0721bfdff449165086ab76", size = 18433506, upload-time = "2026-06-15T22:43:47.026Z" },
    { url = "https://files.pythonhosted.org/packages/84/86/c3b6b17745a1997d784dadc9bd88d713d2e6721139a5a0e885b28cfb79b1/onnxruntime-1.27.0-cp312-cp312-manylinux_2_27_aarch64.manylinux_2_28_aarch64.whl", hash = "sha256:c6fddce0539a4898c7bef35b052ffd37935b2190e35488eab99ce91887743ea1", size = 16438140, upload-time = "2026-06-15T22:42:40.666Z" },
    { url = "https://files.pythonhosted.org/packages/26/81/24dd9b31b0fb912ee19ca53ac1c9764bfd79d58a2ccef564eb693be831a5/onnxruntime-1.27.0-cp312-cp312-manylinux_2_27_x86_64.manylinux_2_28_x86_64.whl", hash = "sha256:7c65a7438632d55dfbc8a02ee60bd6cf7dd9d1ba05a43d4b851452f32338e194", size = 18658316, upload-time = "2026-06-15T22:43:04.012Z" },
    { url = "https://files.pythonhosted.org/packages/4f/88/8ec9db1a4d126bb8b758992beb40d1249df171917d75f44a327eb5f20dda/onnxruntime-1.27.0-cp312-cp312-win_amd64.whl", hash = "sha256:20c321cf187ba496e648acf6b4cf90b4d398b0d17c2a77fdaeba365b908cc1c1", size = 13358769, upload-time = "2026-06-15T22:43:34.581Z" },
    { url = "https://files.pythonhosted.org/packages/ae/9f/fdad359dfcba7e7cd8815569b304a596531d4efa77a75d77f8b4981891a2/onnxruntime-1.27.0-cp312-cp312-win_arm64.whl", hash = "sha256:d0d1f68868e2ef30ef70998ba9bbbc5c305e9b17041e3936751c1b8aa6aade06", size = 13104440, upload-time = "2026-06-15T22:43:22.893Z" },
]

[[package]]
name = "packaging"
version = "26.2"
source = { registry = "https://pypi.org/simple" }
sdist = { url = "https://files.pythonhosted.org/packages/d7/f1/e7a6dd94a8d4a5626c03e4e99c87f241ba9e350cd9e6d75123f992427270/packaging-26.2.tar.gz", hash = "sha256:ff452ff5a3e828ce110190feff1178bb1f2ea2281fa2075aadb987c2fb221661", size = 228134, upload-time = "2026-04-24T20:15:23.917Z" }
wheels = [
    { url = "https://files.pythonhosted.org/packages/df/b2/87e62e8c3e2f4b32e5fe99e0b86d576da1312593b39f47d8ceef365e95ed/packaging-26.2-py3-none-any.whl", hash = "sha256:5fc45236b9446107ff2415ce77c807cee2862cb6fac22b8a73826d0693b0980e", size = 100195, upload-time = "2026-04-24T20:15:22.081Z" },
]

[[package]]
name = "phonemizer-fork"
version = "3.3.2"
source = { registry = "https://pypi.org/simple" }
dependencies = [
    { name = "attrs" },
    { name = "dlinfo" },
    { name = "joblib" },
    { name = "segments" },
    { name = "typing-extensions" },
]
sdist = { url = "https://files.pythonhosted.org/packages/42/fa/9294d2f11890ca49d0bdac7a4da60cbe5686629bfd4987cae0ad75e051cc/phonemizer_fork-3.3.2.tar.gz", hash = "sha256:10e16e827d0443b087062e21b55e805c00989cf1343b2e81e734cae5f6c0cf69", size = 300989, upload-time = "2025-01-30T13:02:31.201Z" }
wheels = [
    { url = "https://files.pythonhosted.org/packages/64/f1/0dcce21b0ae16a82df4b6583f8f3ad8e55b35f7e98b6bf536a4dd225fa08/phonemizer_fork-3.3.2-py3-none-any.whl", hash = "sha256:97305c76f4183b3825dae8f4c032265fe78c9946ce58c47d4b62161349264b74", size = 82700, upload-time = "2025-01-30T13:02:28.667Z" },
]

[[package]]
name = "protobuf"
version = "7.35.1"
source = { registry = "https://pypi.org/simple" }
sdist = { url = "https://files.pythonhosted.org/packages/da/01/9ef0afd7999eb9badb3a768b4aedd78c86d4c65cfaf1958ab276199e76b4/protobuf-7.35.1.tar.gz", hash = "sha256:ce115a26fe0c39a2c29973d914d327e516a6455464489fe3cd1e51a1b354f81a", size = 458717, upload-time = "2026-06-11T21:55:40.257Z" }
wheels = [
    { url = "https://files.pythonhosted.org/packages/10/03/8aeeb7458d22546bf64b5250ca1daeb5ff757d900e8e4a7476c6f0db843e/protobuf-7.35.1-cp310-abi3-macosx_10_9_universal2.whl", hash = "sha256:24f857477359a85c0c235261b8ba905fd51b2562f4a64ca1df5473f29850cbf6", size = 433226, upload-time = "2026-06-11T21:55:31.719Z" },
    { url = "https://files.pythonhosted.org/packages/37/4b/dfb89eb0e652a1ff073c39a59fb5e3a83cfe9b57a2c83fa6d78270101767/protobuf-7.35.1-cp310-abi3-manylinux2014_aarch64.whl", hash = "sha256:11d6b0ec246892d85215b0a13ca6e0233cf5284b68f0ac02646427f4ff88a799", size = 328847, upload-time = "2026-06-11T21:55:34.035Z" },
    { url = "https://files.pythonhosted.org/packages/0f/58/dc12f2cd484951524af6e3382c785869b9b3fb5e52ee95ae23add53ee8f9/protobuf-7.35.1-cp310-abi3-manylinux2014_s390x.whl", hash = "sha256:b73f9489a4b8b1c9cb1f8ed951c736392592edb24b9d6819f36d2e10b171d5b4", size = 344030, upload-time = "2026-06-11T21:55:34.941Z" },
    { url = "https://files.pythonhosted.org/packages/e4/be/5b3cfe508bfab6761414ff944e3366eb13be4fd71efcd69450f89ba39f43/protobuf-7.35.1-cp310-abi3-manylinux2014_x86_64.whl", hash = "sha256:74758715c53d7158fb76caf4f0cfdacc5329a4b1bb994f865d6cf302d413a1c4", size = 327130, upload-time = "2026-06-11T21:55:35.921Z" },
    { url = "https://files.pythonhosted.org/packages/d8/bc/6d6c7ba8709c85f8f2c390b2b118d6fb08a783676a572271851bf45a7d22/protobuf-7.35.1-cp310-abi3-win32.whl", hash = "sha256:353652e4efd0bca5b5fc2656abf8307ef351f0cf938c9eba09f0e09c20a25c30", size = 428945, upload-time = "2026-06-11T21:55:37.034Z" },
    { url = "https://files.pythonhosted.org/packages/0a/19/8d0cb6f20a1ef7b18f1c8986ad5783f22f84cce39c6ce9a6e645ea55192e/protobuf-7.35.1-cp310-abi3-win_amd64.whl", hash = "sha256:230a75ddfc2de4806e56696ce9640c1cdfdb6543b7cfce98d42a4c0a0e7bdb87", size = 439996, upload-time = "2026-06-11T21:55:38.123Z" },
    { url = "https://files.pythonhosted.org/packages/19/c7/5f7c636ec43e0c545e28d1f1db71990108306f7bdcb89f069ba97e428e7f/protobuf-7.35.1-py3-none-any.whl", hash = "sha256:4bc97768d8fe4ad6743c8a19403e314511ed9f6d13205b687e52421c023ac1b9", size = 171659, upload-time = "2026-06-11T21:55:39.155Z" },
]

[[package]]
name = "pycparser"
version = "3.0"
source = { registry = "https://pypi.org/simple" }
sdist = { url = "https://files.pythonhosted.org/packages/1b/7d/92392ff7815c21062bea51aa7b87d45576f649f16458d78b7cf94b9ab2e6/pycparser-3.0.tar.gz", hash = "sha256:600f49d217304a5902ac3c37e1281c9fe94e4d0489de643a9504c5cdfdfc6b29", size = 103492, upload-time = "2026-01-21T14:26:51.89Z" }
wheels = [
    { url = "https://files.pythonhosted.org/packages/0c/c3/44f3fbbfa403ea2a7c779186dc20772604442dde72947e7d01069cbe98e3/pycparser-3.0-py3-none-any.whl", hash = "sha256:b727414169a36b7d524c1c3e31839a521725078d7b2ff038656844266160a992", size = 48172, upload-time = "2026-01-21T14:26:50.693Z" },
]

[[package]]
name = "pyparsing"
version = "3.3.2"
source = { registry = "https://pypi.org/simple" }
sdist = { url = "https://files.pythonhosted.org/packages/f3/91/9c6ee907786a473bf81c5f53cf703ba0957b23ab84c264080fb5a450416f/pyparsing-3.3.2.tar.gz", hash = "sha256:c777f4d763f140633dcb6d8a3eda953bf7a214dc4eff598413c070bcdc117cbc", size = 6851574, upload-time = "2026-01-21T03:57:59.36Z" }
wheels = [
    { url = "https://files.pythonhosted.org/packages/10/bd/c038d7cc38edc1aa5bf91ab8068b63d4308c66c4c8bb3cbba7dfbc049f9c/pyparsing-3.3.2-py3-none-any.whl", hash = "sha256:850ba148bd908d7e2411587e247a1e4f0327839c40e2e5e6d05a007ecc69911d", size = 122781, upload-time = "2026-01-21T03:57:55.912Z" },
]

[[package]]
name = "python-dateutil"
version = "2.9.0.post0"
source = { registry = "https://pypi.org/simple" }
dependencies = [
    { name = "six" },
]
sdist = { url = "https://files.pythonhosted.org/packages/66/c0/0c8b6ad9f17a802ee498c46e004a0eb49bc148f2fd230864601a86dcf6db/python-dateutil-2.9.0.post0.tar.gz", hash = "sha256:37dd54208da7e1cd875388217d5e00ebd4179249f90fb72437e91a35459a0ad3", size = 342432, upload-time = "2024-03-01T18:36:20.211Z" }
wheels = [
    { url = "https://files.pythonhosted.org/packages/ec/57/56b9bcc3c9c6a792fcbaf139543cee77261f3651ca9da0c93f5c1221264b/python_dateutil-2.9.0.post0-py2.py3-none-any.whl", hash = "sha256:a8b2bc7bffae282281c8140a97d3aa9c14da0b136dfe83f850eea9a5f7470427", size = 229892, upload-time = "2024-03-01T18:36:18.57Z" },
]

[[package]]
name = "rdflib"
version = "7.6.0"
source = { registry = "https://pypi.org/simple" }
dependencies = [
    { name = "pyparsing" },
]
sdist = { url = "https://files.pythonhosted.org/packages/98/f5/18bb77b7af9526add0c727a3b2048959847dc5fb030913e2918bf384fec3/rdflib-7.6.0.tar.gz", hash = "sha256:6c831288d5e4a5a7ece85d0ccde9877d512a3d0f02d7c06455d00d6d0ea379df", size = 4943826, upload-time = "2026-02-13T07:15:55.938Z" }
wheels = [
    { url = "https://files.pythonhosted.org/packages/10/c2/6604a71269e0c1bd75656d5a001432d16f2cc5b8c057140ec797155c295e/rdflib-7.6.0-py3-none-any.whl", hash = "sha256:30c0a3ebf4c0e09215f066be7246794b6492e054e782d7ac2a34c9f70a15e0dd", size = 615416, upload-time = "2026-02-13T07:15:46.487Z" },
]

[[package]]
name = "referencing"
version = "0.37.0"
source = { registry = "https://pypi.org/simple" }
dependencies = [
    { name = "attrs" },
    { name = "rpds-py" },
    { name = "typing-extensions" },
]
sdist = { url = "https://files.pythonhosted.org/packages/22/f5/df4e9027acead3ecc63e50fe1e36aca1523e1719559c499951bb4b53188f/referencing-0.37.0.tar.gz", hash = "sha256:44aefc3142c5b842538163acb373e24cce6632bd54bdb01b21ad5863489f50d8", size = 78036, upload-time = "2025-10-13T15:30:48.871Z" }
wheels = [
    { url = "https://files.pythonhosted.org/packages/2c/58/ca301544e1fa93ed4f80d724bf5b194f6e4b945841c5bfd555878eea9fcb/referencing-0.37.0-py3-none-any.whl", hash = "sha256:381329a9f99628c9069361716891d34ad94af76e461dcb0335825aecc7692231", size = 26766, upload-time = "2025-10-13T15:30:47.625Z" },
]

[[package]]
name = "regex"
version = "2026.7.19"
source = { registry = "https://pypi.org/simple" }
sdist = { url = "https://files.pythonhosted.org/packages/20/98/04b13f1ddfb63158025291c02e03eb42fbb7acb51d091d541050eb4e35e8/regex-2026.7.19.tar.gz", hash = "sha256:7e77b324909c1617cbb4c668677e2c6ae13f44d7c1de0d4f15f2e3c10f3315b5", size = 416440, upload-time = "2026-07-19T00:19:48.923Z" }
wheels = [
    { url = "https://files.pythonhosted.org/packages/3b/b9/d11d7e501ac8fd7d617684423ebb9561e0b998481c1e4cbc0cb212c5d74a/regex-2026.7.19-cp312-cp312-macosx_10_13_universal2.whl", hash = "sha256:2cc3460cedf7579948486eab03bc9ad7089df4d7281c0f47f4afe03e8d13f02d", size = 496778, upload-time = "2026-07-19T00:17:05.677Z" },
    { url = "https://files.pythonhosted.org/packages/3f/a9/a5ab6f312f24318019170dc485d5421fe4f89e43a98640da50d95a8a7041/regex-2026.7.19-cp312-cp312-macosx_10_13_x86_64.whl", hash = "sha256:0e9554c8785eac5cffe6300f69a91f58ba72bc88a5f8d661235ad7c6aa5b8ccd", size = 297122, upload-time = "2026-07-19T00:17:07.59Z" },
    { url = "https://files.pythonhosted.org/packages/b3/63/4cab4d7f2d384a144d420b763d97674cb70619c878ea6fcd7640d0e62143/regex-2026.7.19-cp312-cp312-macosx_11_0_arm64.whl", hash = "sha256:d7da47a0f248977f08e2cb659ff3c17ddc13a4d39b3a7baa0a81bf5b415430f6", size = 292009, upload-time = "2026-07-19T00:17:09.648Z" },
    { url = "https://files.pythonhosted.org/packages/22/85/102a81b218298957d4ea7d2f084fae537a71add9d6ff93c8e67284c5f45e/regex-2026.7.19-cp312-cp312-manylinux2014_aarch64.manylinux_2_17_aarch64.manylinux_2_28_aarch64.whl", hash = "sha256:93db40c8de0815baab96a06e08a984bac71f989d13bab789e382158c5d426797", size = 796708, upload-time = "2026-07-19T00:17:11.542Z" },
    { url = "https://files.pythonhosted.org/packages/78/b5/dc136af5629938a037cd2b304c12240e132ec92f38be8ff9cc89af2a1f2d/regex-2026.7.19-cp312-cp312-manylinux2014_ppc64le.manylinux_2_17_ppc64le.manylinux_2_28_ppc64le.whl", hash = "sha256:66bd62c59a5427746e8c44becae1d9b99d22fb13f30f492083dfb9ad7c45cc18", size = 865651, upload-time = "2026-07-19T00:17:13.312Z" },
    { url = "https://files.pythonhosted.org/packages/e0/75/67402ae3cd9c8c988a4c805d15ee3eef015e7ca4cb112cf3e640fc1f4153/regex-2026.7.19-cp312-cp312-manylinux2014_s390x.manylinux_2_17_s390x.manylinux_2_28_s390x.whl", hash = "sha256:1649eb39fcc9ea80c4d2f110fde2b8ab2aef3877b98f02ab9b14e961f418c511", size = 911756, upload-time = "2026-07-19T00:17:15.015Z" },
    { url = "https://files.pythonhosted.org/packages/2a/8e/096d00c7c480ef2ff4265349b14e2261d4ab787ba1f74e2e80d1c58079c3/regex-2026.7.19-cp312-cp312-manylinux2014_x86_64.manylinux_2_17_x86_64.manylinux_2_28_x86_64.whl", hash = "sha256:9dce8ec9695f531a1b8a6f314fd4b393adcccf2ea861db480cdf97a301d01a68", size = 801798, upload-time = "2026-07-19T00:17:17.208Z" },
    { url = "https://files.pythonhosted.org/packages/f0/41/e7ecac6edb5722417f85cc67eaf386322fbe8acf6918ec2fdc37c20dd9d0/regex-2026.7.19-cp312-cp312-manylinux_2_31_riscv64.manylinux_2_39_riscv64.whl", hash = "sha256:3080a7fd38ef049bd489e01c970c97dd84ff446a885b0f1f6b26d9b1ad13ce11", size = 776933, upload-time = "2026-07-19T00:17:19.347Z" },
    { url = "https://files.pythonhosted.org/packages/6f/69/03c9b3f058d66403e0ca2c938696e81d51cd4c6d47ec5265f02f96948d9a/regex-2026.7.19-cp312-cp312-musllinux_1_2_aarch64.whl", hash = "sha256:1d793a7988e04fcb1e2e135567443d82173225d657419ec09414a9b5a145b986", size = 784338, upload-time = "2026-07-19T00:17:21.057Z" },
    { url = "https://files.pythonhosted.org/packages/f6/f7/b38ab3d43f284afbb618fcd15d0e77eb786ae461ce1f6bc7494619ddc0f2/regex-2026.7.19-cp312-cp312-musllinux_1_2_ppc64le.whl", hash = "sha256:e8b0abe7d870f53ca5143895fef7d1041a0c831a140d3dc2c760dd7ba25d4a8b", size = 860452, upload-time = "2026-07-19T00:17:23.119Z" },
    { url = "https://files.pythonhosted.org/packages/15/5c/ff60ef0571121714f3cf9920bc183071e384a10b556d042e0fdb06cc07a5/regex-2026.7.19-cp312-cp312-musllinux_1_2_riscv64.whl", hash = "sha256:4e5413bd5f13d3a4e3539ca98f70f75e7fca92518dd7f117f030ebedd10b60cb", size = 765958, upload-time = "2026-07-19T00:17:24.81Z" },
    { url = "https://files.pythonhosted.org/packages/aa/0f/bd34021162c0ab47f9a315bd56cd5642e920c8e5668a75ef6c6a6fca590d/regex-2026.7.19-cp312-cp312-musllinux_1_2_s390x.whl", hash = "sha256:73b133a9e6fb512858e7f065e96f1180aa46646bc74a83aea62f1d314f3dd035", size = 851765, upload-time = "2026-07-19T00:17:26.993Z" },
    { url = "https://files.pythonhosted.org/packages/2a/20/a2ca43edade0595cccfdc98636739f536d9e26898e7dbddc2b9e98898953/regex-2026.7.19-cp312-cp312-musllinux_1_2_x86_64.whl", hash = "sha256:dbe6493fbd27321b1d1f2dd4f5c7e5bd4d8b1d7cab7f32fd67db3d0b2ed8248a", size = 789714, upload-time = "2026-07-19T00:17:28.699Z" },
    { url = "https://files.pythonhosted.org/packages/5d/47/e02db4015d424fc83c00ea0ac8c5e5ec14397943de9abf909d5ce3a25931/regex-2026.7.19-cp312-cp312-win32.whl", hash = "sha256:ddd67571c10869f65a5d7dde536d1e066e306cc90de57d7de4d5f34802428bb5", size = 267157, upload-time = "2026-07-19T00:17:31.051Z" },
    { url = "https://files.pythonhosted.org/packages/08/8e/c780c131f79b42ed22d1bd7da4096c2c35f813e835acd02ef0f018bd892c/regex-2026.7.19-cp312-cp312-win_amd64.whl", hash = "sha256:e30d40268a28d54ce0437031750497004c22602b8e3ab891f759b795a003b312", size = 277777, upload-time = "2026-07-19T00:17:32.848Z" },
    { url = "https://files.pythonhosted.org/packages/3e/4c/e4d7e086449bdf379d89774bf1f89dc4a41943f3c5a6125a03905b34b5fb/regex-2026.7.19-cp312-cp312-win_arm64.whl", hash = "sha256:de9208bb427130c82a5dbfd104f92c8876fc9559278c880b3002755bbbe9c83d", size = 277136, upload-time = "2026-07-19T00:17:34.803Z" },
]

[[package]]
name = "rfc3986"
version = "1.5.0"
source = { registry = "https://pypi.org/simple" }
sdist = { url = "https://files.pythonhosted.org/packages/79/30/5b1b6c28c105629cc12b33bdcbb0b11b5bb1880c6cfbd955f9e792921aa8/rfc3986-1.5.0.tar.gz", hash = "sha256:270aaf10d87d0d4e095063c65bf3ddbc6ee3d0b226328ce21e036f946e421835", size = 49378, upload-time = "2021-05-07T23:29:27.183Z" }
wheels = [
    { url = "https://files.pythonhosted.org/packages/c4/e5/63ca2c4edf4e00657584608bee1001302bbf8c5f569340b78304f2f446cb/rfc3986-1.5.0-py2.py3-none-any.whl", hash = "sha256:a86d6e1f5b1dc238b218b012df0aa79409667bb209e58da56d0b94704e712a97", size = 31976, upload-time = "2021-05-07T23:29:25.611Z" },
]

[[package]]
name = "rpds-py"
version = "2026.6.3"
source = { registry = "https://pypi.org/simple" }
sdist = { url = "https://files.pythonhosted.org/packages/aa/2a/9618a122aeb2a169a28b03889a2995fe297588964333d4a7d67bdf46e147/rpds_py-2026.6.3.tar.gz", hash = "sha256:1cebd1337c242e4ec2293e541f712b2da849b29f48f0c293684b71c0632625d4", size = 64051, upload-time = "2026-06-30T07:17:53.009Z" }
wheels = [
    { url = "https://files.pythonhosted.org/packages/5c/be/2e8974163072e7bab7df1a5acd54c4498e75e35d6d18b864d3a9d5dadc92/rpds_py-2026.6.3-cp312-cp312-macosx_10_12_x86_64.whl", hash = "sha256:a0811d33247c3d6128a3001d763f2aa056bb3425204335400ac54f89eec3a0d0", size = 343691, upload-time = "2026-06-30T07:15:14.96Z" },
    { url = "https://files.pythonhosted.org/packages/a4/73/319dfa745dd668efe89309141ded489126461fcecd2b8f3a3cda185129b6/rpds_py-2026.6.3-cp312-cp312-macosx_11_0_arm64.whl", hash = "sha256:538949e262e46caa31ac01bdb3c1e8f642622922cacbabbae6a8445d9dc33eaf", size = 338542, upload-time = "2026-06-30T07:15:16.267Z" },
    { url = "https://files.pythonhosted.org/packages/21/63/4239893be1c4d09b709b1a8f6be4188f0870084ff547f46606b8a75f1b03/rpds_py-2026.6.3-cp312-cp312-manylinux_2_17_aarch64.manylinux2014_aarch64.whl", hash = "sha256:55927d532399c2c646100ff7feb48eaa940ad70f42cd68e1328f3ded9f81ca24", size = 368180, upload-time = "2026-06-30T07:15:17.62Z" },
    { url = "https://files.pythonhosted.org/packages/1c/ca/9c5de382225234ceb37b1844ebdb140db12b2a278bb9efe2fcd19f6c82ce/rpds_py-2026.6.3-cp312-cp312-manylinux_2_17_armv7l.manylinux2014_armv7l.whl", hash = "sha256:f56f1695bc5c0871cbc33dc0130fcf503aab0c57dcc5a6700a4f49eba4f2652e", size = 375067, upload-time = "2026-06-30T07:15:18.952Z" },
    { url = "https://files.pythonhosted.org/packages/87/dc/863f69d1bf04ade34b7fe0d59b9fdf6f0135fe2d7cbca74f1d665589559d/rpds_py-2026.6.3-cp312-cp312-manylinux_2_17_ppc64le.manylinux2014_ppc64le.whl", hash = "sha256:270b293dae9058fc9fcedab50f13cebf46fb8ed1d1d54e0521a9da5d6b211975", size = 490509, upload-time = "2026-06-30T07:15:20.434Z" },
    { url = "https://files.pythonhosted.org/packages/ce/ef/eac16a12048b45ec7c7fa94f2be3438a5f26bf9cc8580b18a1cfd609b7f6/rpds_py-2026.6.3-cp312-cp312-manylinux_2_17_s390x.manylinux2014_s390x.whl", hash = "sha256:127565fead0a10943b282957bd5447804ff3160ad79f2ad2635e6d249e380680", size = 382754, upload-time = "2026-06-30T07:15:21.831Z" },
    { url = "https://files.pythonhosted.org/packages/04/8f/d2f3f532616be4d06c316ef119683e832bd3d41e112bf3a88f4151c95b17/rpds_py-2026.6.3-cp312-cp312-manylinux_2_17_x86_64.manylinux2014_x86_64.whl", hash = "sha256:ecabd69db66de867690f9797f2f8fa27ba501bbc24540cbdbdc649cd15888ba6", size = 366189, upload-time = "2026-06-30T07:15:23.371Z" },
    { url = "https://files.pythonhosted.org/packages/e3/29/41a7b0e98a4b44cd676ab7598419623373eb43b20be68c084935c1a8cf88/rpds_py-2026.6.3-cp312-cp312-manylinux_2_31_riscv64.whl", hash = "sha256:58eadac9cd119677b60e1cf8ac4052f35949d71b8a9e5556efccbe82533cf22a", size = 377750, upload-time = "2026-06-30T07:15:24.659Z" },
    { url = "https://files.pythonhosted.org/packages/2e/05/ecda0bec46f9a1565090bcdc941d023f6a25aff85fda28f89f8d19878152/rpds_py-2026.6.3-cp312-cp312-manylinux_2_5_i686.manylinux1_i686.whl", hash = "sha256:7491ee23305ac3eb59e492b6945881f5cd77a6f731061a3f25b77fd40f9e99a4", size = 395576, upload-time = "2026-06-30T07:15:25.987Z" },
    { url = "https://files.pythonhosted.org/packages/68/a8/6ed52f03ee6cb854ce78785cc9a9a672eb880e83fd7224d471f667d151f1/rpds_py-2026.6.3-cp312-cp312-musllinux_1_2_aarch64.whl", hash = "sha256:2c99f7e8ccb3dd6e3e4bfeac657a7b208c9bac8075f4b078c02d7404c34107fa", size = 543807, upload-time = "2026-06-30T07:15:27.356Z" },
    { url = "https://files.pythonhosted.org/packages/8f/d6/156c0d3eea27ba09b92562ba2364ba124c0a061b199e17eac637cd25a5e2/rpds_py-2026.6.3-cp312-cp312-musllinux_1_2_i686.whl", hash = "sha256:62698275682bf121181861295c9181e789030a2d516071f5b8f3c23c170cd0fc", size = 611187, upload-time = "2026-06-30T07:15:28.931Z" },
    { url = "https://files.pythonhosted.org/packages/f1/31/774212ed989c62f7f310220089f9b0a3fb8f40f5443d1727abd5d9f52bc9/rpds_py-2026.6.3-cp312-cp312-musllinux_1_2_x86_64.whl", hash = "sha256:a214c993455f99a89aaeadc9b21241900037adc9d97203e374d75513c5911822", size = 573030, upload-time = "2026-06-30T07:15:30.553Z" },
    { url = "https://files.pythonhosted.org/packages/c9/50/22f73127a41f1ce4f87fe39aadfb9a126345801c274aa93ae88456249327/rpds_py-2026.6.3-cp312-cp312-win32.whl", hash = "sha256:501f9f04a588d6a09179368c57071301445191767c64e4b52a6aa9871f1ef5ed", size = 202185, upload-time = "2026-06-30T07:15:32.027Z" },
    { url = "https://files.pythonhosted.org/packages/04/3a/f0ee4d4dde9d3b69dedf1b5f74e7a40017046d55052d173e418c6a94f960/rpds_py-2026.6.3-cp312-cp312-win_amd64.whl", hash = "sha256:2c958bf94822e9290a40aaf2a822d4bc5c88099093e3948ad6c571eca9272e5f", size = 220394, upload-time = "2026-06-30T07:15:33.359Z" },
    { url = "https://files.pythonhosted.org/packages/f3/83/3382fe37f809b59f02aac04dbc4e765b480b46ee0227ed516e3bdc4d3dfc/rpds_py-2026.6.3-cp312-cp312-win_arm64.whl", hash = "sha256:22bffe6042b9bcb0822bcd1955ec00e245daf17b4344e4ed8e9551b976b63e96", size = 215753, upload-time = "2026-06-30T07:15:34.778Z" },
]

[[package]]
name = "segments"
version = "2.4.0"
source = { registry = "https://pypi.org/simple" }
dependencies = [
    { name = "csvw" },
    { name = "regex" },
]
sdist = { url = "https://files.pythonhosted.org/packages/8b/57/85cac3a8e32370e88fa5fa92812edb6025db7fcbed51452bd56ee1524957/segments-2.4.0.tar.gz", hash = "sha256:bba71f5520ddd54c8aa2f4d765a60618c6862162d6e7356a4a097f2223166f5b", size = 18662, upload-time = "2026-03-07T10:01:28.925Z" }
wheels = [
    { url = "https://files.pythonhosted.org/packages/be/60/eef9acce946177f92c9aabf432224d87ab908bafafac516a36ab924199f3/segments-2.4.0-py2.py3-none-any.whl", hash = "sha256:4021dc67f201cc03c864c74c618bdb163b1af629da3040babbaa37d8813f3db0", size = 16321, upload-time = "2026-03-07T10:01:27.885Z" },
]

[[package]]
name = "six"
version = "1.17.0"
source = { registry = "https://pypi.org/simple" }
sdist = { url = "https://files.pythonhosted.org/packages/94/e7/b2c673351809dca68a0e064b6af791aa332cf192da575fd474ed7d6f16a2/six-1.17.0.tar.gz", hash = "sha256:ff70335d468e7eb6ec65b95b99d3a2836546063f63acc5171de367e834932a81", size = 34031, upload-time = "2024-12-04T17:35:28.174Z" }
wheels = [
    { url = "https://files.pythonhosted.org/packages/b7/ce/149a00dd41f10bc29e5921b496af8b574d8413afcd5e30dfa0ed46c2cc5e/six-1.17.0-py2.py3-none-any.whl", hash = "sha256:4721f391ed90541fddacab5acf947aa0d3dc7d27b2e1e8eda2be8970586c3274", size = 11050, upload-time = "2024-12-04T17:35:26.475Z" },
]

[[package]]
name = "soundfile"
version = "0.14.0"
source = { registry = "https://pypi.org/simple" }
dependencies = [
    { name = "cffi" },
    { name = "numpy" },
    { name = "typing-extensions" },
]
sdist = { url = "https://files.pythonhosted.org/packages/d2/db/949331952a6fb1c5b12e9de80fd08747966c2039d1a61db4764fbd3981c2/soundfile-0.14.0.tar.gz", hash = "sha256:ba1c1a2d618bca5c406647c83b89f07cc8810fa506a50622a6993ba130c1de11", size = 47842, upload-time = "2026-06-06T08:58:47.869Z" }
wheels = [
    { url = "https://files.pythonhosted.org/packages/b1/d1/5e338af9ca6ed0786cd5bb03f6d60de1c325728c1189014f3b59aae7403c/soundfile-0.14.0-py2.py3-none-any.whl", hash = "sha256:8ba81ae3a89fd5ab3bef8a8eb481fbbe794e806309675a89b4df48b8d31908a8", size = 26799, upload-time = "2026-06-06T08:58:33.269Z" },
    { url = "https://files.pythonhosted.org/packages/7e/72/c6b21e58d3113596e7e8de0a08d6f1d95173492cfbca0a4db14148cbba2a/soundfile-0.14.0-py2.py3-none-macosx_10_9_x86_64.whl", hash = "sha256:19be05428da76ed61a4cad29b8e4bcf43a3e5c100089d2ec81dc961eed1b0dd4", size = 1144568, upload-time = "2026-06-06T08:58:35.231Z" },
    { url = "https://files.pythonhosted.org/packages/63/7a/dfdd6f8c748988427119f75eb860a3cedd858d1aea1fe28f39ad8559ef22/soundfile-0.14.0-py2.py3-none-macosx_11_0_arm64.whl", hash = "sha256:d828d35a059626da52f1415b5faee610aeab393319cb3fc4a9aef47b619fc14c", size = 1103726, upload-time = "2026-06-06T08:58:37.948Z" },
    { url = "https://files.pythonhosted.org/packages/4a/f8/fc39fad6f879633461d27394cd1ddaf1f769ffa0597dca35872f51b16461/soundfile-0.14.0-py2.py3-none-manylinux_2_28_aarch64.whl", hash = "sha256:e85724a90bc99a6e8062c0b4ddf725f53b2a3b70afd4da875e9d2cfc4e92f377", size = 1238050, upload-time = "2026-06-06T08:58:39.932Z" },
    { url = "https://files.pythonhosted.org/packages/7b/a2/70fd4432b924684c372df8b0a45708c36c057ef3596c9eb53e0a806b980b/soundfile-0.14.0-py2.py3-none-manylinux_2_28_x86_64.whl", hash = "sha256:1e38bac1853412871318e82a1ba69a8be677619b56025bbfcccdb41b6cafe82d", size = 1315963, upload-time = "2026-06-06T08:58:41.716Z" },
    { url = "https://files.pythonhosted.org/packages/d9/34/c9e80783d83eab739a9531fdee03675d53e0bf1b2ccb4bb3af5844675046/soundfile-0.14.0-py2.py3-none-win32.whl", hash = "sha256:0a6ae43c50c71b4e020cc55382925cb89451c1ed1a0c3d0f5d802da269226849", size = 902199, upload-time = "2026-06-06T08:58:43.289Z" },
    { url = "https://files.pythonhosted.org/packages/ed/97/b39c18ac1df45e755ca22b8b00e872929da5d107998a207a5e4ac831bfda/soundfile-0.14.0-py2.py3-none-win_amd64.whl", hash = "sha256:299491d3499460fb1b74bb4bd78b57ffc2d243a5fafa7b6ec1b264875c78453e", size = 1021480, upload-time = "2026-06-06T08:58:45.016Z" },
    { url = "https://files.pythonhosted.org/packages/f4/83/55c65e61cf457805ce2ec157c1c6ae17715d0851aa2374422de0538838ca/soundfile-0.14.0-py2.py3-none-win_arm64.whl", hash = "sha256:e090704718e124e7c844695236f1fce8d18a5e761eaf7c82dfcd124620805f98", size = 888858, upload-time = "2026-06-06T08:58:46.593Z" },
]

[[package]]
name = "termcolor"
version = "3.3.0"
source = { registry = "https://pypi.org/simple" }
sdist = { url = "https://files.pythonhosted.org/packages/46/79/cf31d7a93a8fdc6aa0fbb665be84426a8c5a557d9240b6239e9e11e35fc5/termcolor-3.3.0.tar.gz", hash = "sha256:348871ca648ec6a9a983a13ab626c0acce02f515b9e1983332b17af7979521c5", size = 14434, upload-time = "2025-12-29T12:55:21.882Z" }
wheels = [
    { url = "https://files.pythonhosted.org/packages/33/d1/8bb87d21e9aeb323cc03034f5eaf2c8f69841e40e4853c2627edf8111ed3/termcolor-3.3.0-py3-none-any.whl", hash = "sha256:cf642efadaf0a8ebbbf4bc7a31cec2f9b5f21a9f726f4ccbb08192c9c26f43a5", size = 7734, upload-time = "2025-12-29T12:55:20.718Z" },
]

[[package]]
name = "typing-extensions"
version = "4.16.0"
source = { registry = "https://pypi.org/simple" }
sdist = { url = "https://files.pythonhosted.org/packages/f6/cc/6253133b5bb138fc3306cebfbda2c520f545d36b5be2c7255cc528bb45d6/typing_extensions-4.16.0.tar.gz", hash = "sha256:dc983d19a509c94dba722ee6abd33940f7c05a89e243c47e907eb4db6f1a43e5", size = 113555, upload-time = "2026-07-02T08:40:05.92Z" }
wheels = [
    { url = "https://files.pythonhosted.org/packages/49/d3/b8441a820a491ddfc024b0b0cf0393375b75ea13866d9c66727e54c2fc80/typing_extensions-4.16.0-py3-none-any.whl", hash = "sha256:481caa481374e813c1b176ada14e97f1f67a4539ce9cfeb3f350d78d6370c2e8", size = 45571, upload-time = "2026-07-02T08:40:04.659Z" },
]

[[package]]
name = "uritemplate"
version = "4.2.0"
source = { registry = "https://pypi.org/simple" }
sdist = { url = "https://files.pythonhosted.org/packages/98/60/f174043244c5306c9988380d2cb10009f91563fc4b31293d27e17201af56/uritemplate-4.2.0.tar.gz", hash = "sha256:480c2ed180878955863323eea31b0ede668795de182617fef9c6ca09e6ec9d0e", size = 33267, upload-time = "2025-06-02T15:12:06.318Z" }
wheels = [
    { url = "https://files.pythonhosted.org/packages/a9/99/3ae339466c9183ea5b8ae87b34c0b897eda475d2aec2307cae60e5cd4f29/uritemplate-4.2.0-py3-none-any.whl", hash = "sha256:962201ba1c4edcab02e60f9a0d3821e82dfc5d2d6662a21abd533879bdb8a686", size = 11488, upload-time = "2025-06-02T15:12:03.405Z" },
]
